
Microsoft Visual Studio Solution File, Format Version 12.00
# Visual Studio Version 17
VisualStudioVersion = 17.9.34728.123
MinimumVisualStudioVersion = 10.0.40219.1
Project("{FAE04EC0-301F-11D3-BF4B-00C04F79EFBC}") = "DemoOOP2", "DemoOOP2.csproj", "{53C7FBFE-EF9D-44B7-94C2-E17408294F63}"
EndProject
Global
	GlobalSection(SolutionConfigurationPlatforms) = preSolution
		Debug|Any CPU = Debug|Any CPU
		Release|Any CPU = Release|Any CPU
	EndGlobalSection
	GlobalSection(ProjectConfigurationPlatforms) = postSolution
		{53C7FBFE-EF9D-44B7-94C2-E17408294F63}.Debug|Any CPU.ActiveCfg = Debug|Any CPU
		{53C7FBFE-EF9D-44B7-94C2-E17408294F63}.Debug|Any CPU.Build.0 = Debug|Any CPU
		{53C7FBFE-EF9D-44B7-94C2-E17408294F63}.Release|Any CPU.ActiveCfg = Release|Any CPU
		{53C7FBFE-EF9D-44B7-94C2-E17408294F63}.Release|Any CPU.Build.0 = Release|Any CPU
	EndGlobalSection
	GlobalSection(SolutionProperties) = preSolution
		HideSolutionNode = FALSE
	EndGlobalSection
	GlobalSection(ExtensibilityGlobals) = postSolution
		SolutionGuid = {592C9707-6B9F-4EAA-A4C0-D0EF32F1ED67}
	EndGlobalSection
EndGlobal
